
Microsoft Visual Studio Solution File, Format Version 12.00
# Visual Studio Version 16
VisualStudioVersion = 16.0.31105.61
MinimumVisualStudioVersion = 10.0.40219.1
Project("{9A19103F-16F7-4668-BE54-9A1E7A4F7556}") = "ShoppingListParserMVVM", "ShoppingListParserMVVM\ShoppingListParserMVVM.csproj", "{96FFD0CC-02C0-454E-9561-F365C528E16F}"
EndProject
Project("{9A19103F-16F7-4668-BE54-9A1E7A4F7556}") = "WPRControls", "..\WPRControls\WPRControls\WPRControls.csproj", "{B5E794ED-3E73-4CFC-8594-E55905CF44AF}"
EndProject
Global
	GlobalSection(SolutionConfigurationPlatforms) = preSolution
		Debug|Any CPU = Debug|Any CPU
		Debug|x64 = Debug|x64
		Release|Any CPU = Release|Any CPU
		Release|x64 = Release|x64
	EndGlobalSection
	GlobalSection(ProjectConfigurationPlatforms) = postSolution
		{96FFD0CC-02C0-454E-9561-F365C528E16F}.Debug|Any CPU.ActiveCfg = Debug|Any CPU
		{96FFD0CC-02C0-454E-9561-F365C528E16F}.Debug|Any CPU.Build.0 = Debug|Any CPU
		{96FFD0CC-02C0-454E-9561-F365C528E16F}.Debug|x64.ActiveCfg = Debug|Any CPU
		{96FFD0CC-02C0-454E-9561-F365C528E16F}.Debug|x64.Build.0 = Debug|Any CPU
		{96FFD0CC-02C0-454E-9561-F365C528E16F}.Release|Any CPU.ActiveCfg = Release|Any CPU
		{96FFD0CC-02C0-454E-9561-F365C528E16F}.Release|Any CPU.Build.0 = Release|Any CPU
		{96FFD0CC-02C0-454E-9561-F365C528E16F}.Release|x64.ActiveCfg = Release|Any CPU
		{96FFD0CC-02C0-454E-9561-F365C528E16F}.Release|x64.Build.0 = Release|Any CPU
		{B5E794ED-3E73-4CFC-8594-E55905CF44AF}.Debug|Any CPU.ActiveCfg = Debug|Any CPU
		{B5E794ED-3E73-4CFC-8594-E55905CF44AF}.Debug|Any CPU.Build.0 = Debug|Any CPU
		{B5E794ED-3E73-4CFC-8594-E55905CF44AF}.Debug|x64.ActiveCfg = Debug|Any CPU
		{B5E794ED-3E73-4CFC-8594-E55905CF44AF}.Debug|x64.Build.0 = Debug|Any CPU
		{B5E794ED-3E73-4CFC-8594-E55905CF44AF}.Release|Any CPU.ActiveCfg = Release|Any CPU
		{B5E794ED-3E73-4CFC-8594-E55905CF44AF}.Release|Any CPU.Build.0 = Release|Any CPU
		{B5E794ED-3E73-4CFC-8594-E55905CF44AF}.Release|x64.ActiveCfg = Release|Any CPU
		{B5E794ED-3E73-4CFC-8594-E55905CF44AF}.Release|x64.Build.0 = Release|Any CPU
	EndGlobalSection
	GlobalSection(SolutionProperties) = preSolution
		HideSolutionNode = FALSE
	EndGlobalSection
	GlobalSection(ExtensibilityGlobals) = postSolution
		SolutionGuid = {4C5C04E1-595A-4315-A6A5-1C31F372AF4D}
	EndGlobalSection
EndGlobal
